
Microsoft Visual Studio Solution File, Format Version 12.00
# Visual Studio 15
VisualStudioVersion = 15.0.28307.489
MinimumVisualStudioVersion = 10.0.40219.1
Project("{FAE04EC0-301F-11D3-BF4B-00C04F79EFBC}") = "WindowsFormsApp1", "WindowsFormsApp1\WindowsFormsApp1.csproj", "{AC519DCD-DD24-4AF7-A4A0-2583DFBDBB00}"
EndProject
Global
	GlobalSection(SolutionConfigurationPlatforms) = preSolution
		Debug|Any CPU = Debug|Any CPU
		Release|Any CPU = Release|Any CPU
	EndGlobalSection
	GlobalSection(ProjectConfigurationPlatforms) = postSolution
		{AC519DCD-DD24-4AF7-A4A0-2583DFBDBB00}.Debug|Any CPU.ActiveCfg = Debug|Any CPU
		{AC519DCD-DD24-4AF7-A4A0-2583DFBDBB00}.Debug|Any CPU.Build.0 = Debug|Any CPU
		{AC519DCD-DD24-4AF7-A4A0-2583DFBDBB00}.Release|Any CPU.ActiveCfg = Release|Any CPU
		{AC519DCD-DD24-4AF7-A4A0-2583DFBDBB00}.Release|Any CPU.Build.0 = Release|Any CPU
	EndGlobalSection
	GlobalSection(SolutionProperties) = preSolution
		HideSolutionNode = FALSE
	EndGlobalSection
	GlobalSection(ExtensibilityGlobals) = postSolution
		SolutionGuid = {016CDA3C-D66D-411F-9F2D-A72F0C14ED81}
	EndGlobalSection
EndGlobal
